
Microsoft Visual Studio Solution File, Format Version 12.00
# Visual Studio Version 16
VisualStudioVersion = 16.0.30907.101
MinimumVisualStudioVersion = 10.0.40219.1
Project("{FAE04EC0-301F-11D3-BF4B-00C04F79EFBC}") = "Ex_01", "Ex_01\Ex_01.csproj", "{0EB51066-07F8-4636-9EA7-2CE4F0B805C1}"
EndProject
Project("{FAE04EC0-301F-11D3-BF4B-00C04F79EFBC}") = "Ex_02", "Ex_02\Ex_02.csproj", "{39B1B487-EFEE-4338-8215-B937BE04E230}"
EndProject
Global
	GlobalSection(SolutionConfigurationPlatforms) = preSolution
		Debug|Any CPU = Debug|Any CPU
		Release|Any CPU = Release|Any CPU
	EndGlobalSection
	GlobalSection(ProjectConfigurationPlatforms) = postSolution
		{0EB51066-07F8-4636-9EA7-2CE4F0B805C1}.Debug|Any CPU.ActiveCfg = Debug|Any CPU
		{0EB51066-07F8-4636-9EA7-2CE4F0B805C1}.Debug|Any CPU.Build.0 = Debug|Any CPU
		{0EB51066-07F8-4636-9EA7-2CE4F0B805C1}.Release|Any CPU.ActiveCfg = Release|Any CPU
		{0EB51066-07F8-4636-9EA7-2CE4F0B805C1}.Release|Any CPU.Build.0 = Release|Any CPU
		{39B1B487-EFEE-4338-8215-B937BE04E230}.Debug|Any CPU.ActiveCfg = Debug|Any CPU
		{39B1B487-EFEE-4338-8215-B937BE04E230}.Debug|Any CPU.Build.0 = Debug|Any CPU
		{39B1B487-EFEE-4338-8215-B937BE04E230}.Release|Any CPU.ActiveCfg = Release|Any CPU
		{39B1B487-EFEE-4338-8215-B937BE04E230}.Release|Any CPU.Build.0 = Release|Any CPU
	EndGlobalSection
	GlobalSection(SolutionProperties) = preSolution
		HideSolutionNode = FALSE
	EndGlobalSection
	GlobalSection(ExtensibilityGlobals) = postSolution
		SolutionGuid = {427ECA39-12D7-4477-A6AF-120C90874AB8}
	EndGlobalSection
EndGlobal
