
Microsoft Visual Studio Solution File, Format Version 12.00
# Visual Studio Version 16
VisualStudioVersion = 16.0.30907.101
MinimumVisualStudioVersion = 10.0.40219.1
Project("{FAE04EC0-301F-11D3-BF4B-00C04F79EFBC}") = "Ex_01", "Ex_01\Ex_01.csproj", "{ABFEC718-236A-4D1E-8617-3F5E2DDF2B04}"
EndProject
Project("{FAE04EC0-301F-11D3-BF4B-00C04F79EFBC}") = "Ex_02", "Ex_02\Ex_02.csproj", "{5D62B07A-FCB3-4CAA-83C4-3E06B04E8079}"
EndProject
Global
	GlobalSection(SolutionConfigurationPlatforms) = preSolution
		Debug|Any CPU = Debug|Any CPU
		Release|Any CPU = Release|Any CPU
	EndGlobalSection
	GlobalSection(ProjectConfigurationPlatforms) = postSolution
		{ABFEC718-236A-4D1E-8617-3F5E2DDF2B04}.Debug|Any CPU.ActiveCfg = Debug|Any CPU
		{ABFEC718-236A-4D1E-8617-3F5E2DDF2B04}.Debug|Any CPU.Build.0 = Debug|Any CPU
		{ABFEC718-236A-4D1E-8617-3F5E2DDF2B04}.Release|Any CPU.ActiveCfg = Release|Any CPU
		{ABFEC718-236A-4D1E-8617-3F5E2DDF2B04}.Release|Any CPU.Build.0 = Release|Any CPU
		{5D62B07A-FCB3-4CAA-83C4-3E06B04E8079}.Debug|Any CPU.ActiveCfg = Debug|Any CPU
		{5D62B07A-FCB3-4CAA-83C4-3E06B04E8079}.Debug|Any CPU.Build.0 = Debug|Any CPU
		{5D62B07A-FCB3-4CAA-83C4-3E06B04E8079}.Release|Any CPU.ActiveCfg = Release|Any CPU
		{5D62B07A-FCB3-4CAA-83C4-3E06B04E8079}.Release|Any CPU.Build.0 = Release|Any CPU
	EndGlobalSection
	GlobalSection(SolutionProperties) = preSolution
		HideSolutionNode = FALSE
	EndGlobalSection
	GlobalSection(ExtensibilityGlobals) = postSolution
		SolutionGuid = {CC96E9A9-A824-4176-996C-088D09513E65}
	EndGlobalSection
EndGlobal
